{
  "name": "@quentinadam/rollup-plugin-typescript",
  "version": "1.0.0",
  "lockfileVersion": 1,
  "requires": true,
  "dependencies": {
    "@types/node": {
      "version": "13.9.8",
      "resolved": "https://registry.npmjs.org/@types/node/-/node-13.9.8.tgz",
      "integrity": "sha512-1WgO8hsyHynlx7nhP1kr0OFzsgKz5XDQL+Lfc3b1Q3qIln/n8cKD4m09NJ0+P1Rq7Zgnc7N0+SsMnoD1rEb0kA==",
      "dev": true
    },
    "fsevents": {
      "version": "2.1.2",
      "resolved": "https://registry.npmjs.org/fsevents/-/fsevents-2.1.2.tgz",
      "integrity": "sha512-R4wDiBwZ0KzpgOWetKDug1FZcYhqYnUYKtfZYt4mD5SBz76q0KR4Q9o7GIPamsVPGmW3EYPPJ0dOOjvx32ldZA==",
      "dev": true,
      "optional": true
    },
    "prettier": {
      "version": "2.0.2",
      "resolved": "https://registry.npmjs.org/prettier/-/prettier-2.0.2.tgz",
      "integrity": "sha512-5xJQIPT8BraI7ZnaDwSbu5zLrB6vvi8hVV58yHQ+QK64qrY40dULy0HSRlQ2/2IdzeBpjhDkqdcFBnFeDEMVdg==",
      "dev": true
    },
    "rollup": {
      "version": "2.3.2",
      "resolved": "https://registry.npmjs.org/rollup/-/rollup-2.3.2.tgz",
      "integrity": "sha512-p66+fbfaUUOGE84sHXAOgfeaYQMslgAazoQMp//nlR519R61213EPFgrMZa48j31jNacJwexSAR1Q8V/BwGKBA==",
      "dev": true,
      "requires": {
        "fsevents": "~2.1.2"
      }
    },
    "typescript": {
      "version": "3.8.3",
      "resolved": "https://registry.npmjs.org/typescript/-/typescript-3.8.3.tgz",
      "integrity": "sha512-MYlEfn5VrLNsgudQTVJeNaQFUAI7DkhnOjdpAp4T+ku1TfQClewlbSuTVHiA+8skNBgaf02TL/kLOvig4y3G8w=="
    }
  }
}
